
Microsoft Visual Studio Solution File, Format Version 11.00
# Visual Studio 2010
Project("{FAE04EC0-301F-11D3-BF4B-00C04F79EFBC}") = "BringToTop", "BringToTop\BringToTop.csproj", "{72E23C4B-5822-49CE-911B-3B0F9244DF8C}"
EndProject
Global
	GlobalSection(SolutionConfigurationPlatforms) = preSolution
		Debug|Any CPU = Debug|Any CPU
		Release|Any CPU = Release|Any CPU
	EndGlobalSection
	GlobalSection(ProjectConfigurationPlatforms) = postSolution
		{72E23C4B-5822-49CE-911B-3B0F9244DF8C}.Debug|Any CPU.ActiveCfg = Debug|Any CPU
		{72E23C4B-5822-49CE-911B-3B0F9244DF8C}.Debug|Any CPU.Build.0 = Debug|Any CPU
		{72E23C4B-5822-49CE-911B-3B0F9244DF8C}.Release|Any CPU.ActiveCfg = Release|Any CPU
		{72E23C4B-5822-49CE-911B-3B0F9244DF8C}.Release|Any CPU.Build.0 = Release|Any CPU
	EndGlobalSection
	GlobalSection(SolutionProperties) = preSolution
		HideSolutionNode = FALSE
	EndGlobalSection
EndGlobal
